
Microsoft Visual Studio Solution File, Format Version 11.00
# Visual Studio 2010
Project("{8BC9CEB8-8B4A-11D0-8D11-00A0C91BC942}") = "vc++", "vc++\vc++.vcxproj", "{711C2F99-623E-46E2-85E3-89D3666D28F0}"
EndProject
Global
	GlobalSection(SolutionConfigurationPlatforms) = preSolution
		Debug|Win32 = Debug|Win32
		Release|Win32 = Release|Win32
	EndGlobalSection
	GlobalSection(ProjectConfigurationPlatforms) = postSolution
		{711C2F99-623E-46E2-85E3-89D3666D28F0}.Debug|Win32.ActiveCfg = Debug|Win32
		{711C2F99-623E-46E2-85E3-89D3666D28F0}.Debug|Win32.Build.0 = Debug|Win32
		{711C2F99-623E-46E2-85E3-89D3666D28F0}.Release|Win32.ActiveCfg = Release|Win32
		{711C2F99-623E-46E2-85E3-89D3666D28F0}.Release|Win32.Build.0 = Release|Win32
	EndGlobalSection
	GlobalSection(SolutionProperties) = preSolution
		HideSolutionNode = FALSE
	EndGlobalSection
EndGlobal
